
Microsoft Visual Studio Solution File, Format Version 12.00
# Visual Studio Version 17
VisualStudioVersion = 17.11.35327.3
MinimumVisualStudioVersion = 10.0.40219.1
Project("{9A19103F-16F7-4668-BE54-9A1E7A4F7556}") = "VAII", "VAII\VAII.csproj", "{DD9F3BA5-B705-4860-A2DA-97C4D6D272F8}"
EndProject
Project("{E53339B2-1760-4266-BCC7-CA923CBCF16C}") = "docker-compose", "docker-compose.dcproj", "{A7B10D07-796F-44E8-98FF-F70A86763DDE}"
EndProject
Global
	GlobalSection(SolutionConfigurationPlatforms) = preSolution
		Debug|Any CPU = Debug|Any CPU
		Release|Any CPU = Release|Any CPU
	EndGlobalSection
	GlobalSection(ProjectConfigurationPlatforms) = postSolution
		{DD9F3BA5-B705-4860-A2DA-97C4D6D272F8}.Debug|Any CPU.ActiveCfg = Debug|Any CPU
		{DD9F3BA5-B705-4860-A2DA-97C4D6D272F8}.Debug|Any CPU.Build.0 = Debug|Any CPU
		{DD9F3BA5-B705-4860-A2DA-97C4D6D272F8}.Release|Any CPU.ActiveCfg = Release|Any CPU
		{DD9F3BA5-B705-4860-A2DA-97C4D6D272F8}.Release|Any CPU.Build.0 = Release|Any CPU
		{A7B10D07-796F-44E8-98FF-F70A86763DDE}.Debug|Any CPU.ActiveCfg = Debug|Any CPU
		{A7B10D07-796F-44E8-98FF-F70A86763DDE}.Debug|Any CPU.Build.0 = Debug|Any CPU
		{A7B10D07-796F-44E8-98FF-F70A86763DDE}.Release|Any CPU.ActiveCfg = Release|Any CPU
		{A7B10D07-796F-44E8-98FF-F70A86763DDE}.Release|Any CPU.Build.0 = Release|Any CPU
	EndGlobalSection
	GlobalSection(SolutionProperties) = preSolution
		HideSolutionNode = FALSE
	EndGlobalSection
	GlobalSection(ExtensibilityGlobals) = postSolution
		SolutionGuid = {96E6D95C-3C02-47F5-9E4D-FCBD044C668E}
	EndGlobalSection
EndGlobal
